{
  "name": "peer-demo",
  "version": "1.0.0",
  "lockfileVersion": 1,
  "requires": true,
  "dependencies": {
    "@vihaitai/demo": {
      "version": "1.0.4",
      "resolved": "http://192.168.150.226:11111/repository/npm/@vihaitai/demo/-/demo-1.0.4.tgz",
      "integrity": "sha512-frya4Ip80xm/oPqaC4eFm+n50I0E2Q2q67orrb6spqmEhHat4Ety6H3+NKWgenlQJfypgquGEBJrE1OwDKXsDA==",
      "requires": {
        "chalk": "^5.2.0"
      }
    },
    "chalk": {
      "version": "5.2.0",
      "resolved": "http://192.168.150.226:11111/repository/npm/chalk/-/chalk-5.2.0.tgz",
      "integrity": "sha512-ree3Gqw/nazQAPuJJEy+avdl7QfZMcUvmHIKgEZkGL+xOBzRvup5Hxo6LHuMceSxOabuJLJm5Yp/92R9eMmMvA=="
    }
  }
}
